// !$*UTF8*$!
{
	archiveVersion = 1;
	classes = {
	};
	objectVersion = 56;
	objects = {

/* Begin PBXBuildFile section */
		D805B32E2B431D0B003EBF18 /* AddQuestionView.swift in Sources */ = {isa = PBXBuildFile; fileRef = D805B32D2B431D0B003EBF18 /* AddQuestionView.swift */; };
		D805B3302B437592003EBF18 /* QuestionListView.swift in Sources */ = {isa = PBXBuildFile; fileRef = D805B32F2B437592003EBF18 /* QuestionListView.swift */; };
		D805B3322B448F81003EBF18 /* QuestionListOfLists.swift in Sources */ = {isa = PBXBuildFile; fileRef = D805B3312B448F81003EBF18 /* QuestionListOfLists.swift */; };
		D81A46002B3F4EE8008D211B /* GeoQuizApp.swift in Sources */ = {isa = PBXBuildFile; fileRef = D81A45FF2B3F4EE8008D211B /* GeoQuizApp.swift */; };
		D81A46022B3F4EE8008D211B /* ContentView.swift in Sources */ = {isa = PBXBuildFile; fileRef = D81A46012B3F4EE8008D211B /* ContentView.swift */; };
		D81A46042B3F4EEA008D211B /* Assets.xcassets in Resources */ = {isa = PBXBuildFile; fileRef = D81A46032B3F4EEA008D211B /* Assets.xcassets */; };
		D81A46072B3F4EEA008D211B /* Preview Assets.xcassets in Resources */ = {isa = PBXBuildFile; fileRef = D81A46062B3F4EEA008D211B /* Preview Assets.xcassets */; };
		D81A460E2B3F4FF7008D211B /* QuestionView.swift in Sources */ = {isa = PBXBuildFile; fileRef = D81A460D2B3F4FF7008D211B /* QuestionView.swift */; };
		D81A46112B3F9DED008D211B /* SDWebImageSwiftUI in Frameworks */ = {isa = PBXBuildFile; productRef = D81A46102B3F9DED008D211B /* SDWebImageSwiftUI */; };
		D891431B2B4B7E0200954573 /* DataService.swift in Sources */ = {isa = PBXBuildFile; fileRef = D891431A2B4B7E0200954573 /* DataService.swift */; };
		D891431E2B4B7EAD00954573 /* FirebaseAnalytics in Frameworks */ = {isa = PBXBuildFile; productRef = D891431D2B4B7EAD00954573 /* FirebaseAnalytics */; };
		D89143202B4B7EAD00954573 /* FirebaseAnalyticsOnDeviceConversion in Frameworks */ = {isa = PBXBuildFile; productRef = D891431F2B4B7EAD00954573 /* FirebaseAnalyticsOnDeviceConversion */; };
		D89143222B4B7EAD00954573 /* FirebaseAnalyticsSwift in Frameworks */ = {isa = PBXBuildFile; productRef = D89143212B4B7EAD00954573 /* FirebaseAnalyticsSwift */; };
		D89143242B4B7EAD00954573 /* FirebaseAnalyticsWithoutAdIdSupport in Frameworks */ = {isa = PBXBuildFile; productRef = D89143232B4B7EAD00954573 /* FirebaseAnalyticsWithoutAdIdSupport */; };
		D89143262B4B7EAD00954573 /* FirebaseAppCheck in Frameworks */ = {isa = PBXBuildFile; productRef = D89143252B4B7EAD00954573 /* FirebaseAppCheck */; };
		D89143282B4B7EAD00954573 /* FirebaseAppDistribution-Beta in Frameworks */ = {isa = PBXBuildFile; productRef = D89143272B4B7EAD00954573 /* FirebaseAppDistribution-Beta */; };
		D891432A2B4B7EAD00954573 /* FirebaseAuth in Frameworks */ = {isa = PBXBuildFile; productRef = D89143292B4B7EAD00954573 /* FirebaseAuth */; };
		D891432C2B4B7EAD00954573 /* FirebaseAuthCombine-Community in Frameworks */ = {isa = PBXBuildFile; productRef = D891432B2B4B7EAD00954573 /* FirebaseAuthCombine-Community */; };
		D891432E2B4B7EAD00954573 /* FirebaseCrashlytics in Frameworks */ = {isa = PBXBuildFile; productRef = D891432D2B4B7EAD00954573 /* FirebaseCrashlytics */; };
		D89143302B4B7EAD00954573 /* FirebaseDatabase in Frameworks */ = {isa = PBXBuildFile; productRef = D891432F2B4B7EAD00954573 /* FirebaseDatabase */; };
		D89143322B4B7EAD00954573 /* FirebaseDatabaseSwift in Frameworks */ = {isa = PBXBuildFile; productRef = D89143312B4B7EAD00954573 /* FirebaseDatabaseSwift */; };
		D89143342B4B7EAD00954573 /* FirebaseDynamicLinks in Frameworks */ = {isa = PBXBuildFile; productRef = D89143332B4B7EAD00954573 /* FirebaseDynamicLinks */; };
		D89143362B4B7EAD00954573 /* FirebaseFirestore in Frameworks */ = {isa = PBXBuildFile; productRef = D89143352B4B7EAD00954573 /* FirebaseFirestore */; };
		D89143382B4B7EAD00954573 /* FirebaseFirestoreCombine-Community in Frameworks */ = {isa = PBXBuildFile; productRef = D89143372B4B7EAD00954573 /* FirebaseFirestoreCombine-Community */; };
		D891433A2B4B7EAD00954573 /* FirebaseFirestoreSwift in Frameworks */ = {isa = PBXBuildFile; productRef = D89143392B4B7EAD00954573 /* FirebaseFirestoreSwift */; };
		D891433C2B4B7EAD00954573 /* FirebaseFunctions in Frameworks */ = {isa = PBXBuildFile; productRef = D891433B2B4B7EAD00954573 /* FirebaseFunctions */; };
		D891433E2B4B7EAD00954573 /* FirebaseFunctionsCombine-Community in Frameworks */ = {isa = PBXBuildFile; productRef = D891433D2B4B7EAD00954573 /* FirebaseFunctionsCombine-Community */; };
		D89143402B4B7EAD00954573 /* FirebaseInAppMessaging-Beta in Frameworks */ = {isa = PBXBuildFile; productRef = D891433F2B4B7EAD00954573 /* FirebaseInAppMessaging-Beta */; };
		D89143422B4B7EAD00954573 /* FirebaseInAppMessagingSwift-Beta in Frameworks */ = {isa = PBXBuildFile; productRef = D89143412B4B7EAD00954573 /* FirebaseInAppMessagingSwift-Beta */; };
		D89143442B4B7EAD00954573 /* FirebaseInstallations in Frameworks */ = {isa = PBXBuildFile; productRef = D89143432B4B7EAD00954573 /* FirebaseInstallations */; };
		D89143462B4B7EAD00954573 /* FirebaseMLModelDownloader in Frameworks */ = {isa = PBXBuildFile; productRef = D89143452B4B7EAD00954573 /* FirebaseMLModelDownloader */; };
		D89143482B4B7EAD00954573 /* FirebaseMessaging in Frameworks */ = {isa = PBXBuildFile; productRef = D89143472B4B7EAD00954573 /* FirebaseMessaging */; };
		D891434A2B4B7EAD00954573 /* FirebasePerformance in Frameworks */ = {isa = PBXBuildFile; productRef = D89143492B4B7EAD00954573 /* FirebasePerformance */; };
		D891434C2B4B7EAD00954573 /* FirebaseRemoteConfig in Frameworks */ = {isa = PBXBuildFile; productRef = D891434B2B4B7EAD00954573 /* FirebaseRemoteConfig */; };
		D891434E2B4B7EAD00954573 /* FirebaseRemoteConfigSwift in Frameworks */ = {isa = PBXBuildFile; productRef = D891434D2B4B7EAD00954573 /* FirebaseRemoteConfigSwift */; };
		D89143502B4B7EAD00954573 /* FirebaseStorage in Frameworks */ = {isa = PBXBuildFile; productRef = D891434F2B4B7EAD00954573 /* FirebaseStorage */; };
		D89143522B4B7EAD00954573 /* FirebaseStorageCombine-Community in Frameworks */ = {isa = PBXBuildFile; productRef = D89143512B4B7EAD00954573 /* FirebaseStorageCombine-Community */; };
		D89143542B4B7ECE00954573 /* FBDataService.swift in Sources */ = {isa = PBXBuildFile; fileRef = D89143532B4B7ECD00954573 /* FBDataService.swift */; };
/* End PBXBuildFile section */

/* Begin PBXFileReference section */
		D805B32D2B431D0B003EBF18 /* AddQuestionView.swift */ = {isa = PBXFileReference; lastKnownFileType = sourcecode.swift; path = AddQuestionView.swift; sourceTree = "<group>"; };
		D805B32F2B437592003EBF18 /* QuestionListView.swift */ = {isa = PBXFileReference; lastKnownFileType = sourcecode.swift; path = QuestionListView.swift; sourceTree = "<group>"; };
		D805B3312B448F81003EBF18 /* QuestionListOfLists.swift */ = {isa = PBXFileReference; lastKnownFileType = sourcecode.swift; path = QuestionListOfLists.swift; sourceTree = "<group>"; };
		D81A45FC2B3F4EE8008D211B /* GeoQuiz.app */ = {isa = PBXFileReference; explicitFileType = wrapper.application; includeInIndex = 0; path = GeoQuiz.app; sourceTree = BUILT_PRODUCTS_DIR; };
		D81A45FF2B3F4EE8008D211B /* GeoQuizApp.swift */ = {isa = PBXFileReference; lastKnownFileType = sourcecode.swift; path = GeoQuizApp.swift; sourceTree = "<group>"; };
		D81A46012B3F4EE8008D211B /* ContentView.swift */ = {isa = PBXFileReference; lastKnownFileType = sourcecode.swift; path = ContentView.swift; sourceTree = "<group>"; };
		D81A46032B3F4EEA008D211B /* Assets.xcassets */ = {isa = PBXFileReference; lastKnownFileType = folder.assetcatalog; path = Assets.xcassets; sourceTree = "<group>"; };
		D81A46062B3F4EEA008D211B /* Preview Assets.xcassets */ = {isa = PBXFileReference; lastKnownFileType = folder.assetcatalog; path = "Preview Assets.xcassets"; sourceTree = "<group>"; };
		D81A460D2B3F4FF7008D211B /* QuestionView.swift */ = {isa = PBXFileReference; lastKnownFileType = sourcecode.swift; path = QuestionView.swift; sourceTree = "<group>"; };
		D891431A2B4B7E0200954573 /* DataService.swift */ = {isa = PBXFileReference; lastKnownFileType = sourcecode.swift; path = DataService.swift; sourceTree = "<group>"; };
		D89143532B4B7ECD00954573 /* FBDataService.swift */ = {isa = PBXFileReference; lastKnownFileType = sourcecode.swift; path = FBDataService.swift; sourceTree = "<group>"; };
/* End PBXFileReference section */

/* Begin PBXFrameworksBuildPhase section */
		D81A45F92B3F4EE8008D211B /* Frameworks */ = {
			isa = PBXFrameworksBuildPhase;
			buildActionMask = 2147483647;
			files = (
				D891433C2B4B7EAD00954573 /* FirebaseFunctions in Frameworks */,
				D89143322B4B7EAD00954573 /* FirebaseDatabaseSwift in Frameworks */,
				D89143422B4B7EAD00954573 /* FirebaseInAppMessagingSwift-Beta in Frameworks */,
				D89143482B4B7EAD00954573 /* FirebaseMessaging in Frameworks */,
				D89143282B4B7EAD00954573 /* FirebaseAppDistribution-Beta in Frameworks */,
				D891432C2B4B7EAD00954573 /* FirebaseAuthCombine-Community in Frameworks */,
				D89143382B4B7EAD00954573 /* FirebaseFirestoreCombine-Community in Frameworks */,
				D89143222B4B7EAD00954573 /* FirebaseAnalyticsSwift in Frameworks */,
				D89143462B4B7EAD00954573 /* FirebaseMLModelDownloader in Frameworks */,
				D89143242B4B7EAD00954573 /* FirebaseAnalyticsWithoutAdIdSupport in Frameworks */,
				D891431E2B4B7EAD00954573 /* FirebaseAnalytics in Frameworks */,
				D891433A2B4B7EAD00954573 /* FirebaseFirestoreSwift in Frameworks */,
				D89143202B4B7EAD00954573 /* FirebaseAnalyticsOnDeviceConversion in Frameworks */,
				D89143262B4B7EAD00954573 /* FirebaseAppCheck in Frameworks */,
				D891434A2B4B7EAD00954573 /* FirebasePerformance in Frameworks */,
				D89143402B4B7EAD00954573 /* FirebaseInAppMessaging-Beta in Frameworks */,
				D891433E2B4B7EAD00954573 /* FirebaseFunctionsCombine-Community in Frameworks */,
				D891432E2B4B7EAD00954573 /* FirebaseCrashlytics in Frameworks */,
				D89143442B4B7EAD00954573 /* FirebaseInstallations in Frameworks */,
				D891434C2B4B7EAD00954573 /* FirebaseRemoteConfig in Frameworks */,
				D89143502B4B7EAD00954573 /* FirebaseStorage in Frameworks */,
				D89143302B4B7EAD00954573 /* FirebaseDatabase in Frameworks */,
				D89143522B4B7EAD00954573 /* FirebaseStorageCombine-Community in Frameworks */,
				D81A46112B3F9DED008D211B /* SDWebImageSwiftUI in Frameworks */,
				D891432A2B4B7EAD00954573 /* FirebaseAuth in Frameworks */,
				D89143342B4B7EAD00954573 /* FirebaseDynamicLinks in Frameworks */,
				D89143362B4B7EAD00954573 /* FirebaseFirestore in Frameworks */,
				D891434E2B4B7EAD00954573 /* FirebaseRemoteConfigSwift in Frameworks */,
			);
			runOnlyForDeploymentPostprocessing = 0;
		};
/* End PBXFrameworksBuildPhase section */

/* Begin PBXGroup section */
		D81A45F32B3F4EE8008D211B = {
			isa = PBXGroup;
			children = (
				D81A45FE2B3F4EE8008D211B /* GeoQuiz */,
				D81A45FD2B3F4EE8008D211B /* Products */,
			);
			sourceTree = "<group>";
		};
		D81A45FD2B3F4EE8008D211B /* Products */ = {
			isa = PBXGroup;
			children = (
				D81A45FC2B3F4EE8008D211B /* GeoQuiz.app */,
			);
			name = Products;
			sourceTree = "<group>";
		};
		D81A45FE2B3F4EE8008D211B /* GeoQuiz */ = {
			isa = PBXGroup;
			children = (
				D89143562B4B7F2800954573 /* App */,
				D89143552B4B7F2000954573 /* Core */,
				D89143192B4B7DF300954573 /* DataService */,
				D81A460D2B3F4FF7008D211B /* QuestionView.swift */,
				D805B32D2B431D0B003EBF18 /* AddQuestionView.swift */,
				D805B32F2B437592003EBF18 /* QuestionListView.swift */,
				D805B3312B448F81003EBF18 /* QuestionListOfLists.swift */,
				D81A46032B3F4EEA008D211B /* Assets.xcassets */,
				D81A46052B3F4EEA008D211B /* Preview Content */,
			);
			path = GeoQuiz;
			sourceTree = "<group>";
		};
		D81A46052B3F4EEA008D211B /* Preview Content */ = {
			isa = PBXGroup;
			children = (
				D81A46062B3F4EEA008D211B /* Preview Assets.xcassets */,
			);
			path = "Preview Content";
			sourceTree = "<group>";
		};
		D89143192B4B7DF300954573 /* DataService */ = {
			isa = PBXGroup;
			children = (
				D891431A2B4B7E0200954573 /* DataService.swift */,
				D89143532B4B7ECD00954573 /* FBDataService.swift */,
			);
			path = DataService;
			sourceTree = "<group>";
		};
		D89143552B4B7F2000954573 /* Core */ = {
			isa = PBXGroup;
			children = (
			);
			path = Core;
			sourceTree = "<group>";
		};
		D89143562B4B7F2800954573 /* App */ = {
			isa = PBXGroup;
			children = (
				D81A45FF2B3F4EE8008D211B /* GeoQuizApp.swift */,
				D81A46012B3F4EE8008D211B /* ContentView.swift */,
			);
			path = App;
			sourceTree = "<group>";
		};
/* End PBXGroup section */

/* Begin PBXNativeTarget section */
		D81A45FB2B3F4EE8008D211B /* GeoQuiz */ = {
			isa = PBXNativeTarget;
			buildConfigurationList = D81A460A2B3F4EEA008D211B /* Build configuration list for PBXNativeTarget "GeoQuiz" */;
			buildPhases = (
				D81A45F82B3F4EE8008D211B /* Sources */,
				D81A45F92B3F4EE8008D211B /* Frameworks */,
				D81A45FA2B3F4EE8008D211B /* Resources */,
			);
			buildRules = (
			);
			dependencies = (
			);
			name = GeoQuiz;
			packageProductDependencies = (
				D81A46102B3F9DED008D211B /* SDWebImageSwiftUI */,
				D891431D2B4B7EAD00954573 /* FirebaseAnalytics */,
				D891431F2B4B7EAD00954573 /* FirebaseAnalyticsOnDeviceConversion */,
				D89143212B4B7EAD00954573 /* FirebaseAnalyticsSwift */,
				D89143232B4B7EAD00954573 /* FirebaseAnalyticsWithoutAdIdSupport */,
				D89143252B4B7EAD00954573 /* FirebaseAppCheck */,
				D89143272B4B7EAD00954573 /* FirebaseAppDistribution-Beta */,
				D89143292B4B7EAD00954573 /* FirebaseAuth */,
				D891432B2B4B7EAD00954573 /* FirebaseAuthCombine-Community */,
				D891432D2B4B7EAD00954573 /* FirebaseCrashlytics */,
				D891432F2B4B7EAD00954573 /* FirebaseDatabase */,
				D89143312B4B7EAD00954573 /* FirebaseDatabaseSwift */,
				D89143332B4B7EAD00954573 /* FirebaseDynamicLinks */,
				D89143352B4B7EAD00954573 /* FirebaseFirestore */,
				D89143372B4B7EAD00954573 /* FirebaseFirestoreCombine-Community */,
				D89143392B4B7EAD00954573 /* FirebaseFirestoreSwift */,
				D891433B2B4B7EAD00954573 /* FirebaseFunctions */,
				D891433D2B4B7EAD00954573 /* FirebaseFunctionsCombine-Community */,
				D891433F2B4B7EAD00954573 /* FirebaseInAppMessaging-Beta */,
				D89143412B4B7EAD00954573 /* FirebaseInAppMessagingSwift-Beta */,
				D89143432B4B7EAD00954573 /* FirebaseInstallations */,
				D89143452B4B7EAD00954573 /* FirebaseMLModelDownloader */,
				D89143472B4B7EAD00954573 /* FirebaseMessaging */,
				D89143492B4B7EAD00954573 /* FirebasePerformance */,
				D891434B2B4B7EAD00954573 /* FirebaseRemoteConfig */,
				D891434D2B4B7EAD00954573 /* FirebaseRemoteConfigSwift */,
				D891434F2B4B7EAD00954573 /* FirebaseStorage */,
				D89143512B4B7EAD00954573 /* FirebaseStorageCombine-Community */,
			);
			productName = GeoQuiz;
			productReference = D81A45FC2B3F4EE8008D211B /* GeoQuiz.app */;
			productType = "com.apple.product-type.application";
		};
/* End PBXNativeTarget section */

/* Begin PBXProject section */
		D81A45F42B3F4EE8008D211B /* Project object */ = {
			isa = PBXProject;
			attributes = {
				BuildIndependentTargetsInParallel = 1;
				LastSwiftUpdateCheck = 1510;
				LastUpgradeCheck = 1510;
				TargetAttributes = {
					D81A45FB2B3F4EE8008D211B = {
						CreatedOnToolsVersion = 15.1;
					};
				};
			};
			buildConfigurationList = D81A45F72B3F4EE8008D211B /* Build configuration list for PBXProject "GeoQuiz" */;
			compatibilityVersion = "Xcode 14.0";
			developmentRegion = en;
			hasScannedForEncodings = 0;
			knownRegions = (
				en,
				Base,
			);
			mainGroup = D81A45F32B3F4EE8008D211B;
			packageReferences = (
				D81A460F2B3F9DEC008D211B /* XCRemoteSwiftPackageReference "SDWebImageSwiftUI" */,
				D891431C2B4B7EAD00954573 /* XCRemoteSwiftPackageReference "firebase-ios-sdk" */,
			);
			productRefGroup = D81A45FD2B3F4EE8008D211B /* Products */;
			projectDirPath = "";
			projectRoot = "";
			targets = (
				D81A45FB2B3F4EE8008D211B /* GeoQuiz */,
			);
		};
/* End PBXProject section */

/* Begin PBXResourcesBuildPhase section */
		D81A45FA2B3F4EE8008D211B /* Resources */ = {
			isa = PBXResourcesBuildPhase;
			buildActionMask = 2147483647;
			files = (
				D81A46072B3F4EEA008D211B /* Preview Assets.xcassets in Resources */,
				D81A46042B3F4EEA008D211B /* Assets.xcassets in Resources */,
			);
			runOnlyForDeploymentPostprocessing = 0;
		};
/* End PBXResourcesBuildPhase section */

/* Begin PBXSourcesBuildPhase section */
		D81A45F82B3F4EE8008D211B /* Sources */ = {
			isa = PBXSourcesBuildPhase;
			buildActionMask = 2147483647;
			files = (
				D805B32E2B431D0B003EBF18 /* AddQuestionView.swift in Sources */,
				D89143542B4B7ECE00954573 /* FBDataService.swift in Sources */,
				D891431B2B4B7E0200954573 /* DataService.swift in Sources */,
				D805B3302B437592003EBF18 /* QuestionListView.swift in Sources */,
				D81A46022B3F4EE8008D211B /* ContentView.swift in Sources */,
				D81A460E2B3F4FF7008D211B /* QuestionView.swift in Sources */,
				D805B3322B448F81003EBF18 /* QuestionListOfLists.swift in Sources */,
				D81A46002B3F4EE8008D211B /* GeoQuizApp.swift in Sources */,
			);
			runOnlyForDeploymentPostprocessing = 0;
		};
/* End PBXSourcesBuildPhase section */

/* Begin XCBuildConfiguration section */
		D81A46082B3F4EEA008D211B /* Debug */ = {
			isa = XCBuildConfiguration;
			buildSettings = {
				ALWAYS_SEARCH_USER_PATHS = NO;
				ASSETCATALOG_COMPILER_GENERATE_SWIFT_ASSET_SYMBOL_EXTENSIONS = YES;
				CLANG_ANALYZER_NONNULL = YES;
				CLANG_ANALYZER_NUMBER_OBJECT_CONVERSION = YES_AGGRESSIVE;
				CLANG_CXX_LANGUAGE_STANDARD = "gnu++20";
				CLANG_ENABLE_MODULES = YES;
				CLANG_ENABLE_OBJC_ARC = YES;
				CLANG_ENABLE_OBJC_WEAK = YES;
				CLANG_WARN_BLOCK_CAPTURE_AUTORELEASING = YES;
				CLANG_WARN_BOOL_CONVERSION = YES;
				CLANG_WARN_COMMA = YES;
				CLANG_WARN_CONSTANT_CONVERSION = YES;
				CLANG_WARN_DEPRECATED_OBJC_IMPLEMENTATIONS = YES;
				CLANG_WARN_DIRECT_OBJC_ISA_USAGE = YES_ERROR;
				CLANG_WARN_DOCUMENTATION_COMMENTS = YES;
				CLANG_WARN_EMPTY_BODY = YES;
				CLANG_WARN_ENUM_CONVERSION = YES;
				CLANG_WARN_INFINITE_RECURSION = YES;
				CLANG_WARN_INT_CONVERSION = YES;
				CLANG_WARN_NON_LITERAL_NULL_CONVERSION = YES;
				CLANG_WARN_OBJC_IMPLICIT_RETAIN_SELF = YES;
				CLANG_WARN_OBJC_LITERAL_CONVERSION = YES;
				CLANG_WARN_OBJC_ROOT_CLASS = YES_ERROR;
				CLANG_WARN_QUOTED_INCLUDE_IN_FRAMEWORK_HEADER = YES;
				CLANG_WARN_RANGE_LOOP_ANALYSIS = YES;
				CLANG_WARN_STRICT_PROTOTYPES = YES;
				CLANG_WARN_SUSPICIOUS_MOVE = YES;
				CLANG_WARN_UNGUARDED_AVAILABILITY = YES_AGGRESSIVE;
				CLANG_WARN_UNREACHABLE_CODE = YES;
				CLANG_WARN__DUPLICATE_METHOD_MATCH = YES;
				COPY_PHASE_STRIP = NO;
				DEBUG_INFORMATION_FORMAT = dwarf;
				ENABLE_STRICT_OBJC_MSGSEND = YES;
				ENABLE_TESTABILITY = YES;
				ENABLE_USER_SCRIPT_SANDBOXING = YES;
				GCC_C_LANGUAGE_STANDARD = gnu17;
				GCC_DYNAMIC_NO_PIC = NO;
				GCC_NO_COMMON_BLOCKS = YES;
				GCC_OPTIMIZATION_LEVEL = 0;
				GCC_PREPROCESSOR_DEFINITIONS = (
					"DEBUG=1",
					"$(inherited)",
				);
				GCC_WARN_64_TO_32_BIT_CONVERSION = YES;
				GCC_WARN_ABOUT_RETURN_TYPE = YES_ERROR;
				GCC_WARN_UNDECLARED_SELECTOR = YES;
				GCC_WARN_UNINITIALIZED_AUTOS = YES_AGGRESSIVE;
				GCC_WARN_UNUSED_FUNCTION = YES;
				GCC_WARN_UNUSED_VARIABLE = YES;
				IPHONEOS_DEPLOYMENT_TARGET = 17.2;
				LOCALIZATION_PREFERS_STRING_CATALOGS = YES;
				MTL_ENABLE_DEBUG_INFO = INCLUDE_SOURCE;
				MTL_FAST_MATH = YES;
				ONLY_ACTIVE_ARCH = YES;
				SDKROOT = iphoneos;
				SWIFT_ACTIVE_COMPILATION_CONDITIONS = "DEBUG $(inherited)";
				SWIFT_OPTIMIZATION_LEVEL = "-Onone";
			};
			name = Debug;
		};
		D81A46092B3F4EEA008D211B /* Release */ = {
			isa = XCBuildConfiguration;
			buildSettings = {
				ALWAYS_SEARCH_USER_PATHS = NO;
				ASSETCATALOG_COMPILER_GENERATE_SWIFT_ASSET_SYMBOL_EXTENSIONS = YES;
				CLANG_ANALYZER_NONNULL = YES;
				CLANG_ANALYZER_NUMBER_OBJECT_CONVERSION = YES_AGGRESSIVE;
				CLANG_CXX_LANGUAGE_STANDARD = "gnu++20";
				CLANG_ENABLE_MODULES = YES;
				CLANG_ENABLE_OBJC_ARC = YES;
				CLANG_ENABLE_OBJC_WEAK = YES;
				CLANG_WARN_BLOCK_CAPTURE_AUTORELEASING = YES;
				CLANG_WARN_BOOL_CONVERSION = YES;
				CLANG_WARN_COMMA = YES;
				CLANG_WARN_CONSTANT_CONVERSION = YES;
				CLANG_WARN_DEPRECATED_OBJC_IMPLEMENTATIONS = YES;
				CLANG_WARN_DIRECT_OBJC_ISA_USAGE = YES_ERROR;
				CLANG_WARN_DOCUMENTATION_COMMENTS = YES;
				CLANG_WARN_EMPTY_BODY = YES;
				CLANG_WARN_ENUM_CONVERSION = YES;
				CLANG_WARN_INFINITE_RECURSION = YES;
				CLANG_WARN_INT_CONVERSION = YES;
				CLANG_WARN_NON_LITERAL_NULL_CONVERSION = YES;
				CLANG_WARN_OBJC_IMPLICIT_RETAIN_SELF = YES;
				CLANG_WARN_OBJC_LITERAL_CONVERSION = YES;
				CLANG_WARN_OBJC_ROOT_CLASS = YES_ERROR;
				CLANG_WARN_QUOTED_INCLUDE_IN_FRAMEWORK_HEADER = YES;
				CLANG_WARN_RANGE_LOOP_ANALYSIS = YES;
				CLANG_WARN_STRICT_PROTOTYPES = YES;
				CLANG_WARN_SUSPICIOUS_MOVE = YES;
				CLANG_WARN_UNGUARDED_AVAILABILITY = YES_AGGRESSIVE;
				CLANG_WARN_UNREACHABLE_CODE = YES;
				CLANG_WARN__DUPLICATE_METHOD_MATCH = YES;
				COPY_PHASE_STRIP = NO;
				DEBUG_INFORMATION_FORMAT = "dwarf-with-dsym";
				ENABLE_NS_ASSERTIONS = NO;
				ENABLE_STRICT_OBJC_MSGSEND = YES;
				ENABLE_USER_SCRIPT_SANDBOXING = YES;
				GCC_C_LANGUAGE_STANDARD = gnu17;
				GCC_NO_COMMON_BLOCKS = YES;
				GCC_WARN_64_TO_32_BIT_CONVERSION = YES;
				GCC_WARN_ABOUT_RETURN_TYPE = YES_ERROR;
				GCC_WARN_UNDECLARED_SELECTOR = YES;
				GCC_WARN_UNINITIALIZED_AUTOS = YES_AGGRESSIVE;
				GCC_WARN_UNUSED_FUNCTION = YES;
				GCC_WARN_UNUSED_VARIABLE = YES;
				IPHONEOS_DEPLOYMENT_TARGET = 17.2;
				LOCALIZATION_PREFERS_STRING_CATALOGS = YES;
				MTL_ENABLE_DEBUG_INFO = NO;
				MTL_FAST_MATH = YES;
				SDKROOT = iphoneos;
				SWIFT_COMPILATION_MODE = wholemodule;
				VALIDATE_PRODUCT = YES;
			};
			name = Release;
		};
		D81A460B2B3F4EEA008D211B /* Debug */ = {
			isa = XCBuildConfiguration;
			buildSettings = {
				ASSETCATALOG_COMPILER_APPICON_NAME = AppIcon;
				ASSETCATALOG_COMPILER_GLOBAL_ACCENT_COLOR_NAME = AccentColor;
				CODE_SIGN_STYLE = Automatic;
				CURRENT_PROJECT_VERSION = 1;
				DEVELOPMENT_ASSET_PATHS = "\"GeoQuiz/Preview Content\"";
				DEVELOPMENT_TEAM = 2C89D7FYA2;
				ENABLE_PREVIEWS = YES;
				GENERATE_INFOPLIST_FILE = YES;
				INFOPLIST_KEY_UIApplicationSceneManifest_Generation = YES;
				INFOPLIST_KEY_UIApplicationSupportsIndirectInputEvents = YES;
				INFOPLIST_KEY_UILaunchScreen_Generation = YES;
				INFOPLIST_KEY_UISupportedInterfaceOrientations_iPad = "UIInterfaceOrientationPortrait UIInterfaceOrientationPortraitUpsideDown UIInterfaceOrientationLandscapeLeft UIInterfaceOrientationLandscapeRight";
				INFOPLIST_KEY_UISupportedInterfaceOrientations_iPhone = "UIInterfaceOrientationPortrait UIInterfaceOrientationLandscapeLeft UIInterfaceOrientationLandscapeRight";
				LD_RUNPATH_SEARCH_PATHS = (
					"$(inherited)",
					"@executable_path/Frameworks",
				);
				MARKETING_VERSION = 1.0;
				PRODUCT_BUNDLE_IDENTIFIER = Yoon.Chris.GeoQuiz;
				PRODUCT_NAME = "$(TARGET_NAME)";
				SWIFT_EMIT_LOC_STRINGS = YES;
				SWIFT_VERSION = 5.0;
				TARGETED_DEVICE_FAMILY = "1,2";
			};
			name = Debug;
		};
		D81A460C2B3F4EEA008D211B /* Release */ = {
			isa = XCBuildConfiguration;
			buildSettings = {
				ASSETCATALOG_COMPILER_APPICON_NAME = AppIcon;
				ASSETCATALOG_COMPILER_GLOBAL_ACCENT_COLOR_NAME = AccentColor;
				CODE_SIGN_STYLE = Automatic;
				CURRENT_PROJECT_VERSION = 1;
				DEVELOPMENT_ASSET_PATHS = "\"GeoQuiz/Preview Content\"";
				DEVELOPMENT_TEAM = 2C89D7FYA2;
				ENABLE_PREVIEWS = YES;
				GENERATE_INFOPLIST_FILE = YES;
				INFOPLIST_KEY_UIApplicationSceneManifest_Generation = YES;
				INFOPLIST_KEY_UIApplicationSupportsIndirectInputEvents = YES;
				INFOPLIST_KEY_UILaunchScreen_Generation = YES;
				INFOPLIST_KEY_UISupportedInterfaceOrientations_iPad = "UIInterfaceOrientationPortrait UIInterfaceOrientationPortraitUpsideDown UIInterfaceOrientationLandscapeLeft UIInterfaceOrientationLandscapeRight";
				INFOPLIST_KEY_UISupportedInterfaceOrientations_iPhone = "UIInterfaceOrientationPortrait UIInterfaceOrientationLandscapeLeft UIInterfaceOrientationLandscapeRight";
				LD_RUNPATH_SEARCH_PATHS = (
					"$(inherited)",
					"@executable_path/Frameworks",
				);
				MARKETING_VERSION = 1.0;
				PRODUCT_BUNDLE_IDENTIFIER = Yoon.Chris.GeoQuiz;
				PRODUCT_NAME = "$(TARGET_NAME)";
				SWIFT_EMIT_LOC_STRINGS = YES;
				SWIFT_VERSION = 5.0;
				TARGETED_DEVICE_FAMILY = "1,2";
			};
			name = Release;
		};
/* End XCBuildConfiguration section */

/* Begin XCConfigurationList section */
		D81A45F72B3F4EE8008D211B /* Build configuration list for PBXProject "GeoQuiz" */ = {
			isa = XCConfigurationList;
			buildConfigurations = (
				D81A46082B3F4EEA008D211B /* Debug */,
				D81A46092B3F4EEA008D211B /* Release */,
			);
			defaultConfigurationIsVisible = 0;
			defaultConfigurationName = Release;
		};
		D81A460A2B3F4EEA008D211B /* Build configuration list for PBXNativeTarget "GeoQuiz" */ = {
			isa = XCConfigurationList;
			buildConfigurations = (
				D81A460B2B3F4EEA008D211B /* Debug */,
				D81A460C2B3F4EEA008D211B /* Release */,
			);
			defaultConfigurationIsVisible = 0;
			defaultConfigurationName = Release;
		};
/* End XCConfigurationList section */

/* Begin XCRemoteSwiftPackageReference section */
		D81A460F2B3F9DEC008D211B /* XCRemoteSwiftPackageReference "SDWebImageSwiftUI" */ = {
			isa = XCRemoteSwiftPackageReference;
			repositoryURL = "https://github.com/SDWebImage/SDWebImageSwiftUI";
			requirement = {
				kind = upToNextMajorVersion;
				minimumVersion = 2.2.6;
			};
		};
		D891431C2B4B7EAD00954573 /* XCRemoteSwiftPackageReference "firebase-ios-sdk" */ = {
			isa = XCRemoteSwiftPackageReference;
			repositoryURL = "https://github.com/firebase/firebase-ios-sdk";
			requirement = {
				kind = upToNextMajorVersion;
				minimumVersion = 10.19.1;
			};
		};
/* End XCRemoteSwiftPackageReference section */

/* Begin XCSwiftPackageProductDependency section */
		D81A46102B3F9DED008D211B /* SDWebImageSwiftUI */ = {
			isa = XCSwiftPackageProductDependency;
			package = D81A460F2B3F9DEC008D211B /* XCRemoteSwiftPackageReference "SDWebImageSwiftUI" */;
			productName = SDWebImageSwiftUI;
		};
		D891431D2B4B7EAD00954573 /* FirebaseAnalytics */ = {
			isa = XCSwiftPackageProductDependency;
			package = D891431C2B4B7EAD00954573 /* XCRemoteSwiftPackageReference "firebase-ios-sdk" */;
			productName = FirebaseAnalytics;
		};
		D891431F2B4B7EAD00954573 /* FirebaseAnalyticsOnDeviceConversion */ = {
			isa = XCSwiftPackageProductDependency;
			package = D891431C2B4B7EAD00954573 /* XCRemoteSwiftPackageReference "firebase-ios-sdk" */;
			productName = FirebaseAnalyticsOnDeviceConversion;
		};
		D89143212B4B7EAD00954573 /* FirebaseAnalyticsSwift */ = {
			isa = XCSwiftPackageProductDependency;
			package = D891431C2B4B7EAD00954573 /* XCRemoteSwiftPackageReference "firebase-ios-sdk" */;
			productName = FirebaseAnalyticsSwift;
		};
		D89143232B4B7EAD00954573 /* FirebaseAnalyticsWithoutAdIdSupport */ = {
			isa = XCSwiftPackageProductDependency;
			package = D891431C2B4B7EAD00954573 /* XCRemoteSwiftPackageReference "firebase-ios-sdk" */;
			productName = FirebaseAnalyticsWithoutAdIdSupport;
		};
		D89143252B4B7EAD00954573 /* FirebaseAppCheck */ = {
			isa = XCSwiftPackageProductDependency;
			package = D891431C2B4B7EAD00954573 /* XCRemoteSwiftPackageReference "firebase-ios-sdk" */;
			productName = FirebaseAppCheck;
		};
		D89143272B4B7EAD00954573 /* FirebaseAppDistribution-Beta */ = {
			isa = XCSwiftPackageProductDependency;
			package = D891431C2B4B7EAD00954573 /* XCRemoteSwiftPackageReference "firebase-ios-sdk" */;
			productName = "FirebaseAppDistribution-Beta";
		};
		D89143292B4B7EAD00954573 /* FirebaseAuth */ = {
			isa = XCSwiftPackageProductDependency;
			package = D891431C2B4B7EAD00954573 /* XCRemoteSwiftPackageReference "firebase-ios-sdk" */;
			productName = FirebaseAuth;
		};
		D891432B2B4B7EAD00954573 /* FirebaseAuthCombine-Community */ = {
			isa = XCSwiftPackageProductDependency;
			package = D891431C2B4B7EAD00954573 /* XCRemoteSwiftPackageReference "firebase-ios-sdk" */;
			productName = "FirebaseAuthCombine-Community";
		};
		D891432D2B4B7EAD00954573 /* FirebaseCrashlytics */ = {
			isa = XCSwiftPackageProductDependency;
			package = D891431C2B4B7EAD00954573 /* XCRemoteSwiftPackageReference "firebase-ios-sdk" */;
			productName = FirebaseCrashlytics;
		};
		D891432F2B4B7EAD00954573 /* FirebaseDatabase */ = {
			isa = XCSwiftPackageProductDependency;
			package = D891431C2B4B7EAD00954573 /* XCRemoteSwiftPackageReference "firebase-ios-sdk" */;
			productName = FirebaseDatabase;
		};
		D89143312B4B7EAD00954573 /* FirebaseDatabaseSwift */ = {
			isa = XCSwiftPackageProductDependency;
			package = D891431C2B4B7EAD00954573 /* XCRemoteSwiftPackageReference "firebase-ios-sdk" */;
			productName = FirebaseDatabaseSwift;
		};
		D89143332B4B7EAD00954573 /* FirebaseDynamicLinks */ = {
			isa = XCSwiftPackageProductDependency;
			package = D891431C2B4B7EAD00954573 /* XCRemoteSwiftPackageReference "firebase-ios-sdk" */;
			productName = FirebaseDynamicLinks;
		};
		D89143352B4B7EAD00954573 /* FirebaseFirestore */ = {
			isa = XCSwiftPackageProductDependency;
			package = D891431C2B4B7EAD00954573 /* XCRemoteSwiftPackageReference "firebase-ios-sdk" */;
			productName = FirebaseFirestore;
		};
		D89143372B4B7EAD00954573 /* FirebaseFirestoreCombine-Community */ = {
			isa = XCSwiftPackageProductDependency;
			package = D891431C2B4B7EAD00954573 /* XCRemoteSwiftPackageReference "firebase-ios-sdk" */;
			productName = "FirebaseFirestoreCombine-Community";
		};
		D89143392B4B7EAD00954573 /* FirebaseFirestoreSwift */ = {
			isa = XCSwiftPackageProductDependency;
			package = D891431C2B4B7EAD00954573 /* XCRemoteSwiftPackageReference "firebase-ios-sdk" */;
			productName = FirebaseFirestoreSwift;
		};
		D891433B2B4B7EAD00954573 /* FirebaseFunctions */ = {
			isa = XCSwiftPackageProductDependency;
			package = D891431C2B4B7EAD00954573 /* XCRemoteSwiftPackageReference "firebase-ios-sdk" */;
			productName = FirebaseFunctions;
		};
		D891433D2B4B7EAD00954573 /* FirebaseFunctionsCombine-Community */ = {
			isa = XCSwiftPackageProductDependency;
			package = D891431C2B4B7EAD00954573 /* XCRemoteSwiftPackageReference "firebase-ios-sdk" */;
			productName = "FirebaseFunctionsCombine-Community";
		};
		D891433F2B4B7EAD00954573 /* FirebaseInAppMessaging-Beta */ = {
			isa = XCSwiftPackageProductDependency;
			package = D891431C2B4B7EAD00954573 /* XCRemoteSwiftPackageReference "firebase-ios-sdk" */;
			productName = "FirebaseInAppMessaging-Beta";
		};
		D89143412B4B7EAD00954573 /* FirebaseInAppMessagingSwift-Beta */ = {
			isa = XCSwiftPackageProductDependency;
			package = D891431C2B4B7EAD00954573 /* XCRemoteSwiftPackageReference "firebase-ios-sdk" */;
			productName = "FirebaseInAppMessagingSwift-Beta";
		};
		D89143432B4B7EAD00954573 /* FirebaseInstallations */ = {
			isa = XCSwiftPackageProductDependency;
			package = D891431C2B4B7EAD00954573 /* XCRemoteSwiftPackageReference "firebase-ios-sdk" */;
			productName = FirebaseInstallations;
		};
		D89143452B4B7EAD00954573 /* FirebaseMLModelDownloader */ = {
			isa = XCSwiftPackageProductDependency;
			package = D891431C2B4B7EAD00954573 /* XCRemoteSwiftPackageReference "firebase-ios-sdk" */;
			productName = FirebaseMLModelDownloader;
		};
		D89143472B4B7EAD00954573 /* FirebaseMessaging */ = {
			isa = XCSwiftPackageProductDependency;
			package = D891431C2B4B7EAD00954573 /* XCRemoteSwiftPackageReference "firebase-ios-sdk" */;
			productName = FirebaseMessaging;
		};
		D89143492B4B7EAD00954573 /* FirebasePerformance */ = {
			isa = XCSwiftPackageProductDependency;
			package = D891431C2B4B7EAD00954573 /* XCRemoteSwiftPackageReference "firebase-ios-sdk" */;
			productName = FirebasePerformance;
		};
		D891434B2B4B7EAD00954573 /* FirebaseRemoteConfig */ = {
			isa = XCSwiftPackageProductDependency;
			package = D891431C2B4B7EAD00954573 /* XCRemoteSwiftPackageReference "firebase-ios-sdk" */;
			productName = FirebaseRemoteConfig;
		};
		D891434D2B4B7EAD00954573 /* FirebaseRemoteConfigSwift */ = {
			isa = XCSwiftPackageProductDependency;
			package = D891431C2B4B7EAD00954573 /* XCRemoteSwiftPackageReference "firebase-ios-sdk" */;
			productName = FirebaseRemoteConfigSwift;
		};
		D891434F2B4B7EAD00954573 /* FirebaseStorage */ = {
			isa = XCSwiftPackageProductDependency;
			package = D891431C2B4B7EAD00954573 /* XCRemoteSwiftPackageReference "firebase-ios-sdk" */;
			productName = FirebaseStorage;
		};
		D89143512B4B7EAD00954573 /* FirebaseStorageCombine-Community */ = {
			isa = XCSwiftPackageProductDependency;
			package = D891431C2B4B7EAD00954573 /* XCRemoteSwiftPackageReference "firebase-ios-sdk" */;
			productName = "FirebaseStorageCombine-Community";
		};
/* End XCSwiftPackageProductDependency section */
	};
	rootObject = D81A45F42B3F4EE8008D211B /* Project object */;
}
